
Microsoft Visual Studio Solution File, Format Version 11.00
# Visual Studio 2010
Project("{E24C65DC-7377-472B-9ABA-BC803B73C61A}") = "UmbracoFramework", "UmbracoFramework\", "{AF478985-20A6-4E2D-8E01-CD916F478A9B}"
	ProjectSection(WebsiteProperties) = preProject
		TargetFrameworkMoniker = ".NETFramework,Version%3Dv3.5"
		Debug.AspNetCompiler.VirtualPath = "/UmbracoFramework"
		Debug.AspNetCompiler.PhysicalPath = "UmbracoFramework\"
		Debug.AspNetCompiler.TargetPath = "PrecompiledWeb\UmbracoFramework\"
		Debug.AspNetCompiler.Updateable = "true"
		Debug.AspNetCompiler.ForceOverwrite = "true"
		Debug.AspNetCompiler.FixedNames = "false"
		Debug.AspNetCompiler.Debug = "True"
		Release.AspNetCompiler.VirtualPath = "/UmbracoFramework"
		Release.AspNetCompiler.PhysicalPath = "UmbracoFramework\"
		Release.AspNetCompiler.TargetPath = "PrecompiledWeb\UmbracoFramework\"
		Release.AspNetCompiler.Updateable = "true"
		Release.AspNetCompiler.ForceOverwrite = "true"
		Release.AspNetCompiler.FixedNames = "false"
		Release.AspNetCompiler.Debug = "False"
		VWDPort = "51409"
	EndProjectSection
EndProject
Project("{FAE04EC0-301F-11D3-BF4B-00C04F79EFBC}") = "Vizone.Web.Ui", "UmbracoModules\Vizone.Web.Ui\Vizone.Web.Ui.csproj", "{6FB61B33-3C93-4628-B29A-B0E32E624B62}"
EndProject
Global
	GlobalSection(SolutionConfigurationPlatforms) = preSolution
		Debug|Any CPU = Debug|Any CPU
		Release|Any CPU = Release|Any CPU
	EndGlobalSection
	GlobalSection(ProjectConfigurationPlatforms) = postSolution
		{AF478985-20A6-4E2D-8E01-CD916F478A9B}.Debug|Any CPU.ActiveCfg = Debug|Any CPU
		{AF478985-20A6-4E2D-8E01-CD916F478A9B}.Debug|Any CPU.Build.0 = Debug|Any CPU
		{AF478985-20A6-4E2D-8E01-CD916F478A9B}.Release|Any CPU.ActiveCfg = Debug|Any CPU
		{AF478985-20A6-4E2D-8E01-CD916F478A9B}.Release|Any CPU.Build.0 = Debug|Any CPU
		{6FB61B33-3C93-4628-B29A-B0E32E624B62}.Debug|Any CPU.ActiveCfg = Debug|Any CPU
		{6FB61B33-3C93-4628-B29A-B0E32E624B62}.Debug|Any CPU.Build.0 = Debug|Any CPU
		{6FB61B33-3C93-4628-B29A-B0E32E624B62}.Release|Any CPU.ActiveCfg = Release|Any CPU
		{6FB61B33-3C93-4628-B29A-B0E32E624B62}.Release|Any CPU.Build.0 = Release|Any CPU
	EndGlobalSection
	GlobalSection(SolutionProperties) = preSolution
		HideSolutionNode = FALSE
	EndGlobalSection
EndGlobal
